
Microsoft Visual Studio Solution File, Format Version 12.00
# Visual Studio Version 17
VisualStudioVersion = 17.5.33516.290
MinimumVisualStudioVersion = 10.0.40219.1
Project("{9A19103F-16F7-4668-BE54-9A1E7A4F7556}") = "GameProject", "GameProject\GameProject.csproj", "{76978AAC-839B-4CC0-9DBC-39618AC8E2F6}"
EndProject
Global
	GlobalSection(SolutionConfigurationPlatforms) = preSolution
		Debug|Any CPU = Debug|Any CPU
		Release|Any CPU = Release|Any CPU
	EndGlobalSection
	GlobalSection(ProjectConfigurationPlatforms) = postSolution
		{76978AAC-839B-4CC0-9DBC-39618AC8E2F6}.Debug|Any CPU.ActiveCfg = Debug|Any CPU
		{76978AAC-839B-4CC0-9DBC-39618AC8E2F6}.Debug|Any CPU.Build.0 = Debug|Any CPU
		{76978AAC-839B-4CC0-9DBC-39618AC8E2F6}.Release|Any CPU.ActiveCfg = Release|Any CPU
		{76978AAC-839B-4CC0-9DBC-39618AC8E2F6}.Release|Any CPU.Build.0 = Release|Any CPU
	EndGlobalSection
	GlobalSection(SolutionProperties) = preSolution
		HideSolutionNode = FALSE
	EndGlobalSection
	GlobalSection(ExtensibilityGlobals) = postSolution
		SolutionGuid = {7BE5C6BD-16F4-4C15-9497-ECF6232A1400}
	EndGlobalSection
EndGlobal
